Microsoft Visual Studio Solution File, Format Version 12.00
# Visual Studio Version 17
VisualStudioVersion = 17.5.2.0
MinimumVisualStudioVersion = 10.0.40219.1
Project("{FAE04EC0-301F-11D3-BF4B-00C04F79EFBC}") = "db_operations", "db_operations.csproj", "{D3B93772-D895-25C0-E12F-6B240DFA202E}"
EndProject
Global
	GlobalSection(SolutionConfigurationPlatforms) = preSolution
		Debug|Any CPU = Debug|Any CPU
		Release|Any CPU = Release|Any CPU
	EndGlobalSection
	GlobalSection(ProjectConfigurationPlatforms) = postSolution
		{D3B93772-D895-25C0-E12F-6B240DFA202E}.Debug|Any CPU.ActiveCfg = Debug|Any CPU
		{D3B93772-D895-25C0-E12F-6B240DFA202E}.Debug|Any CPU.Build.0 = Debug|Any CPU
		{D3B93772-D895-25C0-E12F-6B240DFA202E}.Release|Any CPU.ActiveCfg = Release|Any CPU
		{D3B93772-D895-25C0-E12F-6B240DFA202E}.Release|Any CPU.Build.0 = Release|Any CPU
	EndGlobalSection
	GlobalSection(SolutionProperties) = preSolution
		HideSolutionNode = FALSE
	EndGlobalSection
	GlobalSection(ExtensibilityGlobals) = postSolution
		SolutionGuid = {982385C9-3B3C-4364-94A7-F70BC63F2301}
	EndGlobalSection
EndGlobal
